
Microsoft Visual Studio Solution File, Format Version 12.00
Project("{FAE04EC0-301F-11D3-BF4B-00C04F79EFBC}") = "IPK_Project2", "IPK_Project2\IPK_Project2.csproj", "{362F0784-0283-4F7E-BF09-87DF83BD15CE}"
EndProject
Global
	GlobalSection(SolutionConfigurationPlatforms) = preSolution
		Debug|Any CPU = Debug|Any CPU
		Release|Any CPU = Release|Any CPU
	EndGlobalSection
	GlobalSection(ProjectConfigurationPlatforms) = postSolution
		{362F0784-0283-4F7E-BF09-87DF83BD15CE}.Debug|Any CPU.ActiveCfg = Debug|Any CPU
		{362F0784-0283-4F7E-BF09-87DF83BD15CE}.Debug|Any CPU.Build.0 = Debug|Any CPU
		{362F0784-0283-4F7E-BF09-87DF83BD15CE}.Release|Any CPU.ActiveCfg = Release|Any CPU
		{362F0784-0283-4F7E-BF09-87DF83BD15CE}.Release|Any CPU.Build.0 = Release|Any CPU
	EndGlobalSection
EndGlobal
